{
  "name": "design-patterns",
  "version": "1.0.0",
  "lockfileVersion": 2,
  "requires": true,
  "packages": {
    "": {
      "name": "design-patterns",
      "version": "1.0.0",
      "license": "ISC",
      "dependencies": {
        "design-patterns": "file:"
      },
      "devDependencies": {
        "typescript": "^5.7.3"
      }
    },
    "node_modules/design-patterns": {
      "resolved": "",
      "link": true
    },
    "node_modules/typescript": {
      "version": "5.7.3",
      "resolved": "https://registry.npmjs.org/typescript/-/typescript-5.7.3.tgz",
      "integrity": "sha512-84MVSjMEHP+FQRPy3pX9sTVV/INIex71s9TL2Gm5FG/WG1SqXeKyZ0k7/blY/4FdOzI12CBy1vGc4og/eus0fw==",
      "dev": true,
      "bin": {
        "tsc": "bin/tsc",
        "tsserver": "bin/tsserver"
      },
      "engines": {
        "node": ">=14.17"
      }
    }
  },
  "dependencies": {
    "design-patterns": {
      "version": "file:",
      "requires": {
        "design-patterns": "file:",
        "typescript": "^5.7.3"
      },
      "dependencies": {
        "typescript": {
          "version": "5.7.3",
          "resolved": "https://registry.npmjs.org/typescript/-/typescript-5.7.3.tgz",
          "integrity": "sha512-84MVSjMEHP+FQRPy3pX9sTVV/INIex71s9TL2Gm5FG/WG1SqXeKyZ0k7/blY/4FdOzI12CBy1vGc4og/eus0fw==",
          "dev": true
        }
      }
    },
    "typescript": {
      "version": "5.7.3",
      "resolved": "https://registry.npmjs.org/typescript/-/typescript-5.7.3.tgz",
      "integrity": "sha512-84MVSjMEHP+FQRPy3pX9sTVV/INIex71s9TL2Gm5FG/WG1SqXeKyZ0k7/blY/4FdOzI12CBy1vGc4og/eus0fw==",
      "dev": true
    }
  }
}
